
Microsoft Visual Studio Solution File, Format Version 12.00
Project("{FAE04EC0-301F-11D3-BF4B-00C04F79EFBC}") = "ByLAN", "ByLAN\ByLAN.csproj", "{0D780DBE-9E2E-4917-8D41-C6FF838F4AED}"
EndProject
Global
	GlobalSection(SolutionConfigurationPlatforms) = preSolution
		Debug|Any CPU = Debug|Any CPU
		Release|Any CPU = Release|Any CPU
	EndGlobalSection
	GlobalSection(ProjectConfigurationPlatforms) = postSolution
		{0D780DBE-9E2E-4917-8D41-C6FF838F4AED}.Debug|Any CPU.ActiveCfg = Debug|Any CPU
		{0D780DBE-9E2E-4917-8D41-C6FF838F4AED}.Debug|Any CPU.Build.0 = Debug|Any CPU
		{0D780DBE-9E2E-4917-8D41-C6FF838F4AED}.Release|Any CPU.ActiveCfg = Release|Any CPU
		{0D780DBE-9E2E-4917-8D41-C6FF838F4AED}.Release|Any CPU.Build.0 = Release|Any CPU
	EndGlobalSection
EndGlobal
